<?xml version="1.0" encoding="utf-8"?>
<Project ToolsVersion="4.0" xmlns="http://schemas.microsoft.com/developer/msbuild/2003">
  <ItemGroup>
    <ClCompile Include="Enemy.cpp" />
    <ClCompile Include="GameManager.cpp" />
    <ClCompile Include="GameState.cpp" />
    <ClCompile Include="GameOverState.cpp" />
    <ClCompile Include="HighScoreState.cpp" />
    <ClCompile Include="main.cpp" />
    <ClCompile Include="Player.cpp" />
    <ClCompile Include="TestLevel.cpp" />
    <ClCompile Include="MainMenuState.cpp" />
    <ClCompile Include="PauseMenuState.cpp" />
    <ClCompile Include="VictoryState.cpp" />
    <ClCompile Include="Apple.cpp" />
  </ItemGroup>
  <ItemGroup>
    <ClInclude Include="Enemy.h" />
    <ClInclude Include="Arrow.h" />
    <ClInclude Include="GameManager.h" />
    <ClInclude Include="GameState.h" />
    <ClInclude Include="Player.h" />
    <ClInclude Include="TestLevel.h" />
    <ClInclude Include="GameOverState.h" />
    <ClInclude Include="HighScoreState.h" />
    <ClInclude Include="MainMenuState.h" />
    <ClInclude Include="PauseMenuState.h" />
    <ClInclude Include="VictoryState.h" />
    <ClInclude Include="Apple.h" />
  </ItemGroup>
  <ItemGroup>
    <None Include="packages.config" />
  </ItemGroup>
  <ItemGroup>
    <Text Include="scores.txt" />
  </ItemGroup>
</Project>