
Microsoft Visual Studio Solution File, Format Version 12.00
# Visual Studio Version 16
VisualStudioVersion = 16.0.30406.217
MinimumVisualStudioVersion = 10.0.40219.1
Project("{8BC9CEB8-8B4A-11D0-8D11-00A0C91BC942}") = "ArcherGame", "ArcherGame\ArcherGame.vcxproj", "{B663F1B0-989A-4B80-9351-9F847B718E9E}"
EndProject
Project("{8BC9CEB8-8B4A-11D0-8D11-00A0C91BC942}") = "GELib", "GELib\GELib.vcxproj", "{9F802302-F23F-4D10-8C77-FB90F611F7FD}"
EndProject
Global
	GlobalSection(SolutionConfigurationPlatforms) = preSolution
		Debug|x64 = Debug|x64
		Debug|x86 = Debug|x86
		Release|x64 = Release|x64
		Release|x86 = Release|x86
	EndGlobalSection
	GlobalSection(ProjectConfigurationPlatforms) = postSolution
		{B663F1B0-989A-4B80-9351-9F847B718E9E}.Debug|x64.ActiveCfg = Debug|x64
		{B663F1B0-989A-4B80-9351-9F847B718E9E}.Debug|x64.Build.0 = Debug|x64
		{B663F1B0-989A-4B80-9351-9F847B718E9E}.Debug|x86.ActiveCfg = Debug|Win32
		{B663F1B0-989A-4B80-9351-9F847B718E9E}.Debug|x86.Build.0 = Debug|Win32
		{B663F1B0-989A-4B80-9351-9F847B718E9E}.Release|x64.ActiveCfg = Release|x64
		{B663F1B0-989A-4B80-9351-9F847B718E9E}.Release|x64.Build.0 = Release|x64
		{B663F1B0-989A-4B80-9351-9F847B718E9E}.Release|x86.ActiveCfg = Release|Win32
		{B663F1B0-989A-4B80-9351-9F847B718E9E}.Release|x86.Build.0 = Release|Win32
		{9F802302-F23F-4D10-8C77-FB90F611F7FD}.Debug|x64.ActiveCfg = Debug|x64
		{9F802302-F23F-4D10-8C77-FB90F611F7FD}.Debug|x64.Build.0 = Debug|x64
		{9F802302-F23F-4D10-8C77-FB90F611F7FD}.Debug|x86.ActiveCfg = Debug|Win32
		{9F802302-F23F-4D10-8C77-FB90F611F7FD}.Debug|x86.Build.0 = Debug|Win32
		{9F802302-F23F-4D10-8C77-FB90F611F7FD}.Release|x64.ActiveCfg = Release|x64
		{9F802302-F23F-4D10-8C77-FB90F611F7FD}.Release|x64.Build.0 = Release|x64
		{9F802302-F23F-4D10-8C77-FB90F611F7FD}.Release|x86.ActiveCfg = Release|Win32
		{9F802302-F23F-4D10-8C77-FB90F611F7FD}.Release|x86.Build.0 = Release|Win32
	EndGlobalSection
	GlobalSection(SolutionProperties) = preSolution
		HideSolutionNode = FALSE
	EndGlobalSection
	GlobalSection(ExtensibilityGlobals) = postSolution
		SolutionGuid = {BA93D12A-DF49-4BA7-9492-40B3089A6AF4}
	EndGlobalSection
EndGlobal
